
Microsoft Visual Studio Solution File, Format Version 12.00
# Visual Studio Version 17
VisualStudioVersion = 17.2.32526.322
MinimumVisualStudioVersion = 10.0.40219.1
Project("{FAE04EC0-301F-11D3-BF4B-00C04F79EFBC}") = "TraineeTasks", "TraineeTasks\TraineeTasks.csproj", "{9EC79056-D345-41F1-9B6D-E99BCDE74A9D}"
EndProject
Project("{FAE04EC0-301F-11D3-BF4B-00C04F79EFBC}") = "TraineeTasks.UnitTests", "TraineeTasks.UnitTests\TraineeTasks.UnitTests.csproj", "{A12F6120-7576-46D3-9E2D-BA2969B95C65}"
EndProject
Global
	GlobalSection(SolutionConfigurationPlatforms) = preSolution
		Debug|Any CPU = Debug|Any CPU
		Release|Any CPU = Release|Any CPU
	EndGlobalSection
	GlobalSection(ProjectConfigurationPlatforms) = postSolution
		{9EC79056-D345-41F1-9B6D-E99BCDE74A9D}.Debug|Any CPU.ActiveCfg = Debug|Any CPU
		{9EC79056-D345-41F1-9B6D-E99BCDE74A9D}.Debug|Any CPU.Build.0 = Debug|Any CPU
		{9EC79056-D345-41F1-9B6D-E99BCDE74A9D}.Release|Any CPU.ActiveCfg = Release|Any CPU
		{9EC79056-D345-41F1-9B6D-E99BCDE74A9D}.Release|Any CPU.Build.0 = Release|Any CPU
		{A12F6120-7576-46D3-9E2D-BA2969B95C65}.Debug|Any CPU.ActiveCfg = Debug|Any CPU
		{A12F6120-7576-46D3-9E2D-BA2969B95C65}.Debug|Any CPU.Build.0 = Debug|Any CPU
		{A12F6120-7576-46D3-9E2D-BA2969B95C65}.Release|Any CPU.ActiveCfg = Release|Any CPU
		{A12F6120-7576-46D3-9E2D-BA2969B95C65}.Release|Any CPU.Build.0 = Release|Any CPU
	EndGlobalSection
	GlobalSection(SolutionProperties) = preSolution
		HideSolutionNode = FALSE
	EndGlobalSection
	GlobalSection(ExtensibilityGlobals) = postSolution
		SolutionGuid = {248AECC3-0B16-4854-89F8-C140CF34C28B}
	EndGlobalSection
EndGlobal
